PODS:
  - 25519 (2.0.2)
  - ActionSheetPicker-3.0 (2.7.4)
  - AFNetworking (4.0.1):
    - AFNetworking/NSURLSession (= 4.0.1)
    - AFNetworking/Reachability (= 4.0.1)
    - AFNetworking/Security (= 4.0.1)
    - AFNetworking/Serialization (= 4.0.1)
    - AFNetworking/UIKit (= 4.0.1)
  - AFNetworking/NSURLSession (4.0.1):
    - AFNetworking/Reachability
    - AFNetworking/Security
    - AFNetworking/Serialization
  - AFNetworking/Reachability (4.0.1)
  - AFNetworking/Security (4.0.1)
  - AFNetworking/Serialization (4.0.1)
  - AFNetworking/UIKit (4.0.1):
    - AFNetworking/NSURLSession
  - Aspects (1.4.1)
  - AsyncDisplayKit (1.0.0)
  - CocoaAsyncSocket (7.6.5)
  - CocoaLumberjack (3.9.0):
    - CocoaLumberjack/Core (= 3.9.0)
  - CocoaLumberjack/Core (3.9.0)
  - DGActivityIndicatorView (2.1.1)
  - DoraemonKit/Core (3.1.7):
    - FMDB
    - GCDWebServer
    - GCDWebServer/WebDAV
    - GCDWebServer/WebUploader
  - DoraemonKit/WithGPS (3.1.7):
    - DoraemonKit/Core
  - FMDB (2.7.12):
    - FMDB/standard (= 2.7.12)
  - FMDB/Core (2.7.12)
  - FMDB/SQLCipher (2.7.12):
    - FMDB/Core
    - SQLCipher (~> 4.6)
  - FMDB/standard (2.7.12):
    - FMDB/Core
  - FPSCounter (4.1.0)
  - GCDWebServer (3.5.4):
    - GCDWebServer/Core (= 3.5.4)
  - GCDWebServer/Core (3.5.4)
  - GCDWebServer/WebDAV (3.5.4):
    - GCDWebServer/Core
  - GCDWebServer/WebUploader (3.5.4):
    - GCDWebServer/Core
  - GZIP (1.3.2)
  - iosMath (0.9.4)
  - LBXScan/LBXNative (2.5.1):
    - LBXScan/Types (~> 2.2)
  - LBXScan/LBXZXing (2.5.1):
    - LBXScan/Types (~> 2.2)
  - LBXScan/Types (2.5.1)
  - LBXScan/UI (2.5.1):
    - LBXScan/Types (~> 2.2)
  - libcmark_gfm (0.29.4)
  - librlottie (0.2.1)
  - libwebp (1.5.0):
    - libwebp/demux (= 1.5.0)
    - libwebp/mux (= 1.5.0)
    - libwebp/sharpyuv (= 1.5.0)
    - libwebp/webp (= 1.5.0)
  - libwebp/demux (1.5.0):
    - libwebp/webp
  - libwebp/mux (1.5.0):
    - libwebp/demux
  - libwebp/sharpyuv (1.5.0)
  - libwebp/webp (1.5.0):
    - libwebp/sharpyuv
  - lottie-ios (2.5.3)
  - M80AttributedLabel (1.9.9)
  - Masonry (1.1.0)
  - MBProgressHUD (1.1.0)
  - MJRefresh (3.7.9)
  - PromiseKit/CorePromise (6.18.1)
  - ReactiveObjC (3.1.1)
  - RiveRuntime (6.20.2)
  - SDWebImage (5.9.5):
    - SDWebImage/Core (= 5.9.5)
  - SDWebImage/Core (5.9.5)
  - SDWebImageLottieCoder (0.1.0):
    - librlottie (~> 0.1)
    - SDWebImage (~> 5.6)
  - SDWebImageWebPCoder (0.6.1):
    - libwebp (~> 1.0)
    - SDWebImage/Core (~> 5.7)
  - Socket.IO-Client-Swift (16.1.1):
    - Starscream (~> 4.0.8)
  - SocketRocket (0.7.1)
  - SQLCipher (4.10.0):
    - SQLCipher/standard (= 4.10.0)
  - SQLCipher/common (4.10.0)
  - SQLCipher/standard (4.10.0):
    - SQLCipher/common
  - SSZipArchive (2.2.3)
  - Starscream (4.0.8)
  - Toast (4.1.1)
  - TOCropViewController (2.5.5)
  - TZImagePickerController (3.6.9)
  - WuKongBase (0.1.0):
    - ActionSheetPicker-3.0
    - AFNetworking (~> 4.0)
    - AsyncDisplayKit (~> 1.0)
    - CocoaAsyncSocket (~> 7.6.5)
    - CocoaLumberjack (~> 3.0)
    - DGActivityIndicatorView (~> 2.1.1)
    - FMDB/SQLCipher (~> 2.7.5)
    - FPSCounter (~> 4.1)
    - GZIP (~> 1.3.0)
    - iosMath (~> 0.9)
    - LBXScan/LBXNative (~> 2.5)
    - LBXScan/LBXZXing (~> 2.5)
    - LBXScan/UI (~> 2.5)
    - libcmark_gfm
    - lottie-ios (~> 2.5.3)
    - M80AttributedLabel (~> 1.9.9)
    - MBProgressHUD (~> 1.1.0)
    - MJRefresh (~> 3.0)
    - PromiseKit/CorePromise (~> 6.0)
    - RiveRuntime (~> 6.11)
    - SDWebImage (~> 5.9.1)
    - SDWebImageLottieCoder (~> 0.1.0)
    - SDWebImageWebPCoder (~> 0.6.1)
    - Toast (~> 4.0)
    - TOCropViewController (~> 2.5.3)
    - TZImagePickerController (~> 3.6.4)
    - WuKongIMSDK
    - YBImageBrowser/NOSD (~> 3.0)
    - YYImage/WebP (~> 1.0.4)
    - ZLImageEditor (= 1.1.7)
    - ZLPhotoBrowser (= 4.5.5)
  - WuKongContacts (0.1.0):
    - FMDB/SQLCipher (~> 2.7.5)
    - Masonry
    - PromiseKit/CorePromise (~> 6.0)
    - WuKongBase
    - WuKongIMSDK
  - WuKongDataSource (0.1.0):
    - WuKongBase
    - WuKongIMSDK
  - WuKongIMSDK (1.1.0):
    - 25519 (~> 2.0.2)
    - CocoaAsyncSocket (~> 7.6.5)
    - FMDB/SQLCipher (~> 2.7.5)
  - WuKongLogin (0.1.0):
    - Masonry
    - PromiseKit/CorePromise (~> 6.0)
    - SDWebImage (~> 5.9.1)
    - WuKongBase
  - YBImageBrowser/NOSD (3.0.9):
    - YYImage
  - YYImage (1.0.4):
    - YYImage/Core (= 1.0.4)
  - YYImage/Core (1.0.4)
  - YYImage/WebP (1.0.4):
    - YYImage/Core
  - ZLImageEditor (1.1.7):
    - ZLImageEditor/Core (= 1.1.7)
  - ZLImageEditor/Core (1.1.7)
  - ZLPhotoBrowser (4.5.5):
    - ZLPhotoBrowser/Core (= 4.5.5)
  - ZLPhotoBrowser/Core (4.5.5)

DEPENDENCIES:
  - Aspects
  - AsyncDisplayKit (from `https://github.com/tangtaoit/AsyncDisplayKit.git`, commit `3f2a0b8f5069ddefd53cf4796da22eec105c5c7c`)
  - DoraemonKit/Core (~> 3.1.2)
  - DoraemonKit/WithGPS (~> 3.1.2)
  - libcmark_gfm
  - librlottie (~> 0.2.1)
  - ReactiveObjC
  - Socket.IO-Client-Swift
  - SocketRocket
  - SSZipArchive (~> 2.2.3)
  - WuKongBase (from `./Modules/WuKongBase`)
  - WuKongContacts (from `./Modules/WuKongContacts`)
  - WuKongDataSource (from `./Modules/WuKongDataSource`)
  - WuKongIMSDK (from `./Modules/WuKongIMiOSSDK`)
  - WuKongLogin (from `./Modules/WuKongLogin`)
  - YBImageBrowser/NOSD (from `https://github.com/tangtaoit/YBImageBrowser.git`, commit `9e888bf25f8774f9b084ba3d26d5794cb68aeb0c`)
  - YYImage/WebP (from `https://github.com/tangtaoit/YYImage.git`, commit `be7dc29bbd79153ea03c5018ee2ab2512a16f3fd`)

SPEC REPOS:
  trunk:
    - '25519'
    - ActionSheetPicker-3.0
    - AFNetworking
    - Aspects
    - CocoaAsyncSocket
    - CocoaLumberjack
    - DGActivityIndicatorView
    - DoraemonKit
    - FMDB
    - FPSCounter
    - GCDWebServer
    - GZIP
    - iosMath
    - LBXScan
    - libcmark_gfm
    - librlottie
    - libwebp
    - lottie-ios
    - M80AttributedLabel
    - Masonry
    - MBProgressHUD
    - MJRefresh
    - PromiseKit
    - ReactiveObjC
    - RiveRuntime
    - SDWebImage
    - SDWebImageLottieCoder
    - SDWebImageWebPCoder
    - Socket.IO-Client-Swift
    - SocketRocket
    - SQLCipher
    - SSZipArchive
    - Starscream
    - Toast
    - TOCropViewController
    - TZImagePickerController
    - ZLImageEditor
    - ZLPhotoBrowser

EXTERNAL SOURCES:
  AsyncDisplayKit:
    :commit: 3f2a0b8f5069ddefd53cf4796da22eec105c5c7c
    :git: https://github.com/tangtaoit/AsyncDisplayKit.git
  WuKongBase:
    :path: "./Modules/WuKongBase"
  WuKongContacts:
    :path: "./Modules/WuKongContacts"
  WuKongDataSource:
    :path: "./Modules/WuKongDataSource"
  WuKongIMSDK:
    :path: "./Modules/WuKongIMiOSSDK"
  WuKongLogin:
    :path: "./Modules/WuKongLogin"
  YBImageBrowser:
    :commit: 9e888bf25f8774f9b084ba3d26d5794cb68aeb0c
    :git: https://github.com/tangtaoit/YBImageBrowser.git
  YYImage:
    :commit: be7dc29bbd79153ea03c5018ee2ab2512a16f3fd
    :git: https://github.com/tangtaoit/YYImage.git

CHECKOUT OPTIONS:
  AsyncDisplayKit:
    :commit: 3f2a0b8f5069ddefd53cf4796da22eec105c5c7c
    :git: https://github.com/tangtaoit/AsyncDisplayKit.git
  YBImageBrowser:
    :commit: 9e888bf25f8774f9b084ba3d26d5794cb68aeb0c
    :git: https://github.com/tangtaoit/YBImageBrowser.git
  YYImage:
    :commit: be7dc29bbd79153ea03c5018ee2ab2512a16f3fd
    :git: https://github.com/tangtaoit/YYImage.git

SPEC CHECKSUMS:
  '25519': dc4bad7e2dbcbf1efa121068a705a44cd98c80fc
  ActionSheetPicker-3.0: a380d57270b6b2d321c4add024ba5c466a7f5cfd
  AFNetworking: 3bd23d814e976cd148d7d44c3ab78017b744cd58
  Aspects: 7595ba96a6727a58ebcbfc954497fc5d2fdde546
  AsyncDisplayKit: 8f2440c10169b416e3f5d9e191b7766579b7d990
  CocoaAsyncSocket: 065fd1e645c7abab64f7a6a2007a48038fdc6a99
  CocoaLumberjack: 5644158777912b7de7469fa881f8a3f259c2512a
  DGActivityIndicatorView: ff2c76073d79692f724863c8dd38685866a03cb6
  DoraemonKit: 0b45c9dc6ab34bd426a2782ee1bf7ab13492a60b
  FMDB: 728731dd336af3936ce00f91d9d8495f5718a0e6
  FPSCounter: 884afec377de66637808c4f52ecc3b85a404732b
  GCDWebServer: 2c156a56c8226e2d5c0c3f208a3621ccffbe3ce4
  GZIP: 3c0abf794bfce8c7cb34ea05a1837752416c8868
  iosMath: f7a6cbadf9d836d2149c2a84c435b1effc244cba
  LBXScan: 90ca10d0c38fb4a5a6980d7782354f3f69f50093
  libcmark_gfm: aed11fc48515bec53902b0fd4cddcbd42b5e94c2
  librlottie: 31aadd1f842008260fa7387f7fcb837b2fabeeea
  libwebp: 02b23773aedb6ff1fd38cec7a77b81414c6842a8
  lottie-ios: a50d5c0160425cd4b01b852bb9578963e6d92d31
  M80AttributedLabel: 77fedfe63804c989a6de0fa4d400ea8cad3ab441
  Masonry: 678fab65091a9290e40e2832a55e7ab731aad201
  MBProgressHUD: e7baa36a220447d8aeb12769bf0585582f3866d9
  MJRefresh: ff9e531227924c84ce459338414550a05d2aea78
  PromiseKit: 49d70c53d5d20e346beaea4b276b5dd2ab446bb4
  ReactiveObjC: 011caa393aa0383245f2dcf9bf02e86b80b36040
  RiveRuntime: 1ebd6b5f43d53e62639ebb7c4c66f3071630de53
  SDWebImage: 0b2ba0d56479bf6a45ecddbfd5558bea93150d25
  SDWebImageLottieCoder: a63b40820ea10d36835d8994531baea838593099
  SDWebImageWebPCoder: d0dac55073088d24b2ac1b191a71a8f8d0adac21
  Socket.IO-Client-Swift: 3614bea82ba005df1c2ff01154f4004993e05ad7
  SocketRocket: d4aabe649be1e368d1318fdf28a022d714d65748
  SQLCipher: eb79c64049cb002b4e9fcb30edb7979bf4706dfc
  SSZipArchive: 62d4947b08730e4cda640473b0066d209ff033c9
  Starscream: 19b5533ddb925208db698f0ac508a100b884a1b9
  Toast: 1f5ea13423a1e6674c4abdac5be53587ae481c4e
  TOCropViewController: da59f531f8ac8a94ef6d6c0fc34009350f9e8bfe
  TZImagePickerController: 2cad3db94ba70eb947d26c10ff5c66c9a93798c8
  WuKongBase: 7463c268e960fe79e558c8058cbbd6c37fc6505f
  WuKongContacts: 8d67498a5c219c1f6520bd81224ef55d836f63a6
  WuKongDataSource: b9089cb962310af96af523032df4534e272cd932
  WuKongIMSDK: b3905b92aa9eb313052c8b2d88271494ac7293a6
  WuKongLogin: 88bbcd7380c05ecef739715ce71b6319b8b95e84
  YBImageBrowser: 7ecc8bf33ffa5f3b94c397c29b4f3638dd37f527
  YYImage: 6db68da66f20d9f169ceb94dfb9947c3867b9665
  ZLImageEditor: ee86f044fb7c5dec6b5de49eb7bb6fd42286f2ae
  ZLPhotoBrowser: 6fb0eff03c8269001e29ef233e7bdab0691e05fe

PODFILE CHECKSUM: 2e8970db6453e6203617196736e90d1c38e4b957

COCOAPODS: 1.16.2
